// !$*UTF8*$!
{
	archiveVersion = 1;
	classes = {
	};
	objectVersion = 77;
	objects = {

/* Begin PBXContainerItemProxy section */
		2C80F02E2E7CE1EB00752AE4 /* PBXContainerItemProxy */ = {
			isa = PBXContainerItemProxy;
			containerPortal = 2C80F0182E7CE1EB00752AE4 /* Project object */;
			proxyType = 1;
			remoteGlobalIDString = 2C80F01F2E7CE1EB00752AE4;
			remoteInfo = Megabox;
		};
		2C80F0382E7CE1EB00752AE4 /* PBXContainerItemProxy */ = {
			isa = PBXContainerItemProxy;
			containerPortal = 2C80F0182E7CE1EB00752AE4 /* Project object */;
			proxyType = 1;
			remoteGlobalIDString = 2C80F01F2E7CE1EB00752AE4;
			remoteInfo = Megabox;
		};
/* End PBXContainerItemProxy section */

/* Begin PBXFileReference section */
		2C80F0202E7CE1EB00752AE4 /* Megabox.app */ = {isa = PBXFileReference; explicitFileType = wrapper.application; includeInIndex = 0; path = Megabox.app; sourceTree = BUILT_PRODUCTS_DIR; };
		2C80F02D2E7CE1EB00752AE4 /* MegaboxTests.xctest */ = {isa = PBXFileReference; explicitFileType = wrapper.cfbundle; includeInIndex = 0; path = MegaboxTests.xctest; sourceTree = BUILT_PRODUCTS_DIR; };
		2C80F0372E7CE1EB00752AE4 /* MegaboxUITests.xctest */ = {isa = PBXFileReference; explicitFileType = wrapper.cfbundle; includeInIndex = 0; path = MegaboxUITests.xctest; sourceTree = BUILT_PRODUCTS_DIR; };
/* End PBXFileReference section */

/* Begin PBXFileSystemSynchronizedBuildFileExceptionSet section */
		2C9401DB2E7DABE800A09B4C /* Exceptions for "Megabox" folder in "Megabox" target */ = {
			isa = PBXFileSystemSynchronizedBuildFileExceptionSet;
			membershipExceptions = (
				Info.plist,
			);
			target = 2C80F01F2E7CE1EB00752AE4 /* Megabox */;
		};
/* End PBXFileSystemSynchronizedBuildFileExceptionSet section */

/* Begin PBXFileSystemSynchronizedRootGroup section */
		2C80F0222E7CE1EB00752AE4 /* Megabox */ = {
			isa = PBXFileSystemSynchronizedRootGroup;
			exceptions = (
				2C9401DB2E7DABE800A09B4C /* Exceptions for "Megabox" folder in "Megabox" target */,
			);
			path = Megabox;
			sourceTree = "<group>";
		};
		2C80F0302E7CE1EB00752AE4 /* MegaboxTests */ = {
			isa = PBXFileSystemSynchronizedRootGroup;
			path = MegaboxTests;
			sourceTree = "<group>";
		};
		2C80F03A2E7CE1EB00752AE4 /* MegaboxUITests */ = {
			isa = PBXFileSystemSynchronizedRootGroup;
			path = MegaboxUITests;
			sourceTree = "<group>";
		};
/* End PBXFileSystemSynchronizedRootGroup section */

/* Begin PBXFrameworksBuildPhase section */
		2C80F01D2E7CE1EB00752AE4 /* Frameworks */ = {
			isa = PBXFrameworksBuildPhase;
			buildActionMask = 2147483647;
			files = (
			);
			runOnlyForDeploymentPostprocessing = 0;
		};
		2C80F02A2E7CE1EB00752AE4 /* Frameworks */ = {
			isa = PBXFrameworksBuildPhase;
			buildActionMask = 2147483647;
			files = (
			);
			runOnlyForDeploymentPostprocessing = 0;
		};
		2C80F0342E7CE1EB00752AE4 /* Frameworks */ = {
			isa = PBXFrameworksBuildPhase;
			buildActionMask = 2147483647;
			files = (
			);
			runOnlyForDeploymentPostprocessing = 0;
		};
/* End PBXFrameworksBuildPhase section */

/* Begin PBXGroup section */
		2C80F0172E7CE1EB00752AE4 = {
			isa = PBXGroup;
			children = (
				2C80F0222E7CE1EB00752AE4 /* Megabox */,
				2C80F0302E7CE1EB00752AE4 /* MegaboxTests */,
				2C80F03A2E7CE1EB00752AE4 /* MegaboxUITests */,
				2C80F0212E7CE1EB00752AE4 /* Products */,
			);
			sourceTree = "<group>";
		};
		2C80F0212E7CE1EB00752AE4 /* Products */ = {
			isa = PBXGroup;
			children = (
				2C80F0202E7CE1EB00752AE4 /* Megabox.app */,
				2C80F02D2E7CE1EB00752AE4 /* MegaboxTests.xctest */,
				2C80F0372E7CE1EB00752AE4 /* MegaboxUITests.xctest */,
			);
			name = Products;
			sourceTree = "<group>";
		};
/* End PBXGroup section */

/* Begin PBXNativeTarget section */
		2C80F01F2E7CE1EB00752AE4 /* Megabox */ = {
			isa = PBXNativeTarget;
			buildConfigurationList = 2C80F0412E7CE1EB00752AE4 /* Build configuration list for PBXNativeTarget "Megabox" */;
			buildPhases = (
				2C80F01C2E7CE1EB00752AE4 /* Sources */,
				2C80F01D2E7CE1EB00752AE4 /* Frameworks */,
				2C80F01E2E7CE1EB00752AE4 /* Resources */,
			);
			buildRules = (
			);
			dependencies = (
			);
			fileSystemSynchronizedGroups = (
				2C80F0222E7CE1EB00752AE4 /* Megabox */,
			);
			name = Megabox;
			packageProductDependencies = (
			);
			productName = Megabox;
			productReference = 2C80F0202E7CE1EB00752AE4 /* Megabox.app */;
			productType = "com.apple.product-type.application";
		};
		2C80F02C2E7CE1EB00752AE4 /* MegaboxTests */ = {
			isa = PBXNativeTarget;
			buildConfigurationList = 2C80F0442E7CE1EB00752AE4 /* Build configuration list for PBXNativeTarget "MegaboxTests" */;
			buildPhases = (
				2C80F0292E7CE1EB00752AE4 /* Sources */,
				2C80F02A2E7CE1EB00752AE4 /* Frameworks */,
				2C80F02B2E7CE1EB00752AE4 /* Resources */,
			);
			buildRules = (
			);
			dependencies = (
				2C80F02F2E7CE1EB00752AE4 /* PBXTargetDependency */,
			);
			fileSystemSynchronizedGroups = (
				2C80F0302E7CE1EB00752AE4 /* MegaboxTests */,
			);
			name = MegaboxTests;
			packageProductDependencies = (
			);
			productName = MegaboxTests;
			productReference = 2C80F02D2E7CE1EB00752AE4 /* MegaboxTests.xctest */;
			productType = "com.apple.product-type.bundle.unit-test";
		};
		2C80F0362E7CE1EB00752AE4 /* MegaboxUITests */ = {
			isa = PBXNativeTarget;
			buildConfigurationList = 2C80F0472E7CE1EB00752AE4 /* Build configuration list for PBXNativeTarget "MegaboxUITests" */;
			buildPhases = (
				2C80F0332E7CE1EB00752AE4 /* Sources */,
				2C80F0342E7CE1EB00752AE4 /* Frameworks */,
				2C80F0352E7CE1EB00752AE4 /* Resources */,
			);
			buildRules = (
			);
			dependencies = (
				2C80F0392E7CE1EB00752AE4 /* PBXTargetDependency */,
			);
			fileSystemSynchronizedGroups = (
				2C80F03A2E7CE1EB00752AE4 /* MegaboxUITests */,
			);
			name = MegaboxUITests;
			packageProductDependencies = (
			);
			productName = MegaboxUITests;
			productReference = 2C80F0372E7CE1EB00752AE4 /* MegaboxUITests.xctest */;
			productType = "com.apple.product-type.bundle.ui-testing";
		};
/* End PBXNativeTarget section */

/* Begin PBXProject section */
		2C80F0182E7CE1EB00752AE4 /* Project object */ = {
			isa = PBXProject;
			attributes = {
				BuildIndependentTargetsInParallel = 1;
				LastSwiftUpdateCheck = 1640;
				LastUpgradeCheck = 1640;
				TargetAttributes = {
					2C80F01F2E7CE1EB00752AE4 = {
						CreatedOnToolsVersion = 16.4;
					};
					2C80F02C2E7CE1EB00752AE4 = {
						CreatedOnToolsVersion = 16.4;
						TestTargetID = 2C80F01F2E7CE1EB00752AE4;
					};
					2C80F0362E7CE1EB00752AE4 = {
						CreatedOnToolsVersion = 16.4;
						TestTargetID = 2C80F01F2E7CE1EB00752AE4;
					};
				};
			};
			buildConfigurationList = 2C80F01B2E7CE1EB00752AE4 /* Build configuration list for PBXProject "Megabox" */;
			developmentRegion = en;
			hasScannedForEncodings = 0;
			knownRegions = (
				en,
				Base,
			);
			mainGroup = 2C80F0172E7CE1EB00752AE4;
			minimizedProjectReferenceProxies = 1;
			preferredProjectObjectVersion = 77;
			productRefGroup = 2C80F0212E7CE1EB00752AE4 /* Products */;
			projectDirPath = "";
			projectRoot = "";
			targets = (
				2C80F01F2E7CE1EB00752AE4 /* Megabox */,
				2C80F02C2E7CE1EB00752AE4 /* MegaboxTests */,
				2C80F0362E7CE1EB00752AE4 /* MegaboxUITests */,
			);
		};
/* End PBXProject section */

/* Begin PBXResourcesBuildPhase section */
		2C80F01E2E7CE1EB00752AE4 /* Resources */ = {
			isa = PBXResourcesBuildPhase;
			buildActionMask = 2147483647;
			files = (
			);
			runOnlyForDeploymentPostprocessing = 0;
		};
		2C80F02B2E7CE1EB00752AE4 /* Resources */ = {
			isa = PBXResourcesBuildPhase;
			buildActionMask = 2147483647;
			files = (
			);
			runOnlyForDeploymentPostprocessing = 0;
		};
		2C80F0352E7CE1EB00752AE4 /* Resources */ = {
			isa = PBXResourcesBuildPhase;
			buildActionMask = 2147483647;
			files = (
			);
			runOnlyForDeploymentPostprocessing = 0;
		};
/* End PBXResourcesBuildPhase section */

/* Begin PBXSourcesBuildPhase section */
		2C80F01C2E7CE1EB00752AE4 /* Sources */ = {
			isa = PBXSourcesBuildPhase;
			buildActionMask = 2147483647;
			files = (
			);
			runOnlyForDeploymentPostprocessing = 0;
		};
		2C80F0292E7CE1EB00752AE4 /* Sources */ = {
			isa = PBXSourcesBuildPhase;
			buildActionMask = 2147483647;
			files = (
			);
			runOnlyForDeploymentPostprocessing = 0;
		};
		2C80F0332E7CE1EB00752AE4 /* Sources */ = {
			isa = PBXSourcesBuildPhase;
			buildActionMask = 2147483647;
			files = (
			);
			runOnlyForDeploymentPostprocessing = 0;
		};
/* End PBXSourcesBuildPhase section */

/* Begin PBXTargetDependency section */
		2C80F02F2E7CE1EB00752AE4 /* PBXTargetDependency */ = {
			isa = PBXTargetDependency;
			target = 2C80F01F2E7CE1EB00752AE4 /* Megabox */;
			targetProxy = 2C80F02E2E7CE1EB00752AE4 /* PBXContainerItemProxy */;
		};
		2C80F0392E7CE1EB00752AE4 /* PBXTargetDependency */ = {
			isa = PBXTargetDependency;
			target = 2C80F01F2E7CE1EB00752AE4 /* Megabox */;
			targetProxy = 2C80F0382E7CE1EB00752AE4 /* PBXContainerItemProxy */;
		};
/* End PBXTargetDependency section */

/* Begin XCBuildConfiguration section */
		2C80F03F2E7CE1EB00752AE4 /* Debug */ = {
			isa = XCBuildConfiguration;
			buildSettings = {
				ALWAYS_SEARCH_USER_PATHS = NO;
				ASSETCATALOG_COMPILER_GENERATE_SWIFT_ASSET_SYMBOL_EXTENSIONS = YES;
				CLANG_ANALYZER_NONNULL = YES;
				CLANG_ANALYZER_NUMBER_OBJECT_CONVERSION = YES_AGGRESSIVE;
				CLANG_CXX_LANGUAGE_STANDARD = "gnu++20";
				CLANG_ENABLE_MODULES = YES;
				CLANG_ENABLE_OBJC_ARC = YES;
				CLANG_ENABLE_OBJC_WEAK = YES;
				CLANG_WARN_BLOCK_CAPTURE_AUTORELEASING = YES;
				CLANG_WARN_BOOL_CONVERSION = YES;
				CLANG_WARN_COMMA = YES;
				CLANG_WARN_CONSTANT_CONVERSION = YES;
				CLANG_WARN_DEPRECATED_OBJC_IMPLEMENTATIONS = YES;
				CLANG_WARN_DIRECT_OBJC_ISA_USAGE = YES_ERROR;
				CLANG_WARN_DOCUMENTATION_COMMENTS = YES;
				CLANG_WARN_EMPTY_BODY = YES;
				CLANG_WARN_ENUM_CONVERSION = YES;
				CLANG_WARN_INFINITE_RECURSION = YES;
				CLANG_WARN_INT_CONVERSION = YES;
				CLANG_WARN_NON_LITERAL_NULL_CONVERSION = YES;
				CLANG_WARN_OBJC_IMPLICIT_RETAIN_SELF = YES;
				CLANG_WARN_OBJC_LITERAL_CONVERSION = YES;
				CLANG_WARN_OBJC_ROOT_CLASS = YES_ERROR;
				CLANG_WARN_QUOTED_INCLUDE_IN_FRAMEWORK_HEADER = YES;
				CLANG_WARN_RANGE_LOOP_ANALYSIS = YES;
				CLANG_WARN_STRICT_PROTOTYPES = YES;
				CLANG_WARN_SUSPICIOUS_MOVE = YES;
				CLANG_WARN_UNGUARDED_AVAILABILITY = YES_AGGRESSIVE;
				CLANG_WARN_UNREACHABLE_CODE = YES;
				CLANG_WARN__DUPLICATE_METHOD_MATCH = YES;
				COPY_PHASE_STRIP = NO;
				DEBUG_INFORMATION_FORMAT = dwarf;
				DEVELOPMENT_TEAM = UFY93MC9ZB;
				ENABLE_STRICT_OBJC_MSGSEND = YES;
				ENABLE_TESTABILITY = YES;
				ENABLE_USER_SCRIPT_SANDBOXING = YES;
				GCC_C_LANGUAGE_STANDARD = gnu17;
				GCC_DYNAMIC_NO_PIC = NO;
				GCC_NO_COMMON_BLOCKS = YES;
				GCC_OPTIMIZATION_LEVEL = 0;
				GCC_PREPROCESSOR_DEFINITIONS = (
					"DEBUG=1",
					"$(inherited)",
				);
				GCC_WARN_64_TO_32_BIT_CONVERSION = YES;
				GCC_WARN_ABOUT_RETURN_TYPE = YES_ERROR;
				GCC_WARN_UNDECLARED_SELECTOR = YES;
				GCC_WARN_UNINITIALIZED_AUTOS = YES_AGGRESSIVE;
				GCC_WARN_UNUSED_FUNCTION = YES;
				GCC_WARN_UNUSED_VARIABLE = YES;
				IPHONEOS_DEPLOYMENT_TARGET = 18.5;
				LOCALIZATION_PREFERS_STRING_CATALOGS = YES;
				MTL_ENABLE_DEBUG_INFO = INCLUDE_SOURCE;
				MTL_FAST_MATH = YES;
				ONLY_ACTIVE_ARCH = YES;
				SDKROOT = iphoneos;
				SWIFT_ACTIVE_COMPILATION_CONDITIONS = "DEBUG $(inherited)";
				SWIFT_OPTIMIZATION_LEVEL = "-Onone";
			};
			name = Debug;
		};
		2C80F0402E7CE1EB00752AE4 /* Release */ = {
			isa = XCBuildConfiguration;
			buildSettings = {
				ALWAYS_SEARCH_USER_PATHS = NO;
				ASSETCATALOG_COMPILER_GENERATE_SWIFT_ASSET_SYMBOL_EXTENSIONS = YES;
				CLANG_ANALYZER_NONNULL = YES;
				CLANG_ANALYZER_NUMBER_OBJECT_CONVERSION = YES_AGGRESSIVE;
				CLANG_CXX_LANGUAGE_STANDARD = "gnu++20";
				CLANG_ENABLE_MODULES = YES;
				CLANG_ENABLE_OBJC_ARC = YES;
				CLANG_ENABLE_OBJC_WEAK = YES;
				CLANG_WARN_BLOCK_CAPTURE_AUTORELEASING = YES;
				CLANG_WARN_BOOL_CONVERSION = YES;
				CLANG_WARN_COMMA = YES;
				CLANG_WARN_CONSTANT_CONVERSION = YES;
				CLANG_WARN_DEPRECATED_OBJC_IMPLEMENTATIONS = YES;
				CLANG_WARN_DIRECT_OBJC_ISA_USAGE = YES_ERROR;
				CLANG_WARN_DOCUMENTATION_COMMENTS = YES;
				CLANG_WARN_EMPTY_BODY = YES;
				CLANG_WARN_ENUM_CONVERSION = YES;
				CLANG_WARN_INFINITE_RECURSION = YES;
				CLANG_WARN_INT_CONVERSION = YES;
				CLANG_WARN_NON_LITERAL_NULL_CONVERSION = YES;
				CLANG_WARN_OBJC_IMPLICIT_RETAIN_SELF = YES;
				CLANG_WARN_OBJC_LITERAL_CONVERSION = YES;
				CLANG_WARN_OBJC_ROOT_CLASS = YES_ERROR;
				CLANG_WARN_QUOTED_INCLUDE_IN_FRAMEWORK_HEADER = YES;
				CLANG_WARN_RANGE_LOOP_ANALYSIS = YES;
				CLANG_WARN_STRICT_PROTOTYPES = YES;
				CLANG_WARN_SUSPICIOUS_MOVE = YES;
				CLANG_WARN_UNGUARDED_AVAILABILITY = YES_AGGRESSIVE;
				CLANG_WARN_UNREACHABLE_CODE = YES;
				CLANG_WARN__DUPLICATE_METHOD_MATCH = YES;
				COPY_PHASE_STRIP = NO;
				DEBUG_INFORMATION_FORMAT = "dwarf-with-dsym";
				DEVELOPMENT_TEAM = UFY93MC9ZB;
				ENABLE_NS_ASSERTIONS = NO;
				ENABLE_STRICT_OBJC_MSGSEND = YES;
				ENABLE_USER_SCRIPT_SANDBOXING = YES;
				GCC_C_LANGUAGE_STANDARD = gnu17;
				GCC_NO_COMMON_BLOCKS = YES;
				GCC_WARN_64_TO_32_BIT_CONVERSION = YES;
				GCC_WARN_ABOUT_RETURN_TYPE = YES_ERROR;
				GCC_WARN_UNDECLARED_SELECTOR = YES;
				GCC_WARN_UNINITIALIZED_AUTOS = YES_AGGRESSIVE;
				GCC_WARN_UNUSED_FUNCTION = YES;
				GCC_WARN_UNUSED_VARIABLE = YES;
				IPHONEOS_DEPLOYMENT_TARGET = 18.5;
				LOCALIZATION_PREFERS_STRING_CATALOGS = YES;
				MTL_ENABLE_DEBUG_INFO = NO;
				MTL_FAST_MATH = YES;
				SDKROOT = iphoneos;
				SWIFT_COMPILATION_MODE = wholemodule;
				VALIDATE_PRODUCT = YES;
			};
			name = Release;
		};
		2C80F0422E7CE1EB00752AE4 /* Debug */ = {
			isa = XCBuildConfiguration;
			buildSettings = {
				ASSETCATALOG_COMPILER_APPICON_NAME = AppIcon;
				ASSETCATALOG_COMPILER_GLOBAL_ACCENT_COLOR_NAME = AccentColor;
				CODE_SIGN_STYLE = Automatic;
				CURRENT_PROJECT_VERSION = 1;
				DEVELOPMENT_TEAM = UFY93MC9ZB;
				ENABLE_PREVIEWS = YES;
				GENERATE_INFOPLIST_FILE = YES;
				INFOPLIST_FILE = Megabox/Info.plist;
				INFOPLIST_KEY_UIApplicationSceneManifest_Generation = YES;
				INFOPLIST_KEY_UIApplicationSupportsIndirectInputEvents = YES;
				INFOPLIST_KEY_UILaunchScreen_Generation = YES;
				INFOPLIST_KEY_UISupportedInterfaceOrientations_iPad = "UIInterfaceOrientationPortrait UIInterfaceOrientationPortraitUpsideDown UIInterfaceOrientationLandscapeLeft UIInterfaceOrientationLandscapeRight";
				INFOPLIST_KEY_UISupportedInterfaceOrientations_iPhone = "UIInterfaceOrientationPortrait UIInterfaceOrientationLandscapeLeft UIInterfaceOrientationLandscapeRight";
				LD_RUNPATH_SEARCH_PATHS = (
					"$(inherited)",
					"@executable_path/Frameworks",
				);
				MARKETING_VERSION = 1.0;
				PRODUCT_BUNDLE_IDENTIFIER = jiyong.Megabox;
				PRODUCT_NAME = "$(TARGET_NAME)";
				SWIFT_EMIT_LOC_STRINGS = YES;
				SWIFT_VERSION = 5.0;
				TARGETED_DEVICE_FAMILY = "1,2";
			};
			name = Debug;
		};
		2C80F0432E7CE1EB00752AE4 /* Release */ = {
			isa = XCBuildConfiguration;
			buildSettings = {
				ASSETCATALOG_COMPILER_APPICON_NAME = AppIcon;
				ASSETCATALOG_COMPILER_GLOBAL_ACCENT_COLOR_NAME = AccentColor;
				CODE_SIGN_STYLE = Automatic;
				CURRENT_PROJECT_VERSION = 1;
				DEVELOPMENT_TEAM = UFY93MC9ZB;
				ENABLE_PREVIEWS = YES;
				GENERATE_INFOPLIST_FILE = YES;
				INFOPLIST_FILE = Megabox/Info.plist;
				INFOPLIST_KEY_UIApplicationSceneManifest_Generation = YES;
				INFOPLIST_KEY_UIApplicationSupportsIndirectInputEvents = YES;
				INFOPLIST_KEY_UILaunchScreen_Generation = YES;
				INFOPLIST_KEY_UISupportedInterfaceOrientations_iPad = "UIInterfaceOrientationPortrait UIInterfaceOrientationPortraitUpsideDown UIInterfaceOrientationLandscapeLeft UIInterfaceOrientationLandscapeRight";
				INFOPLIST_KEY_UISupportedInterfaceOrientations_iPhone = "UIInterfaceOrientationPortrait UIInterfaceOrientationLandscapeLeft UIInterfaceOrientationLandscapeRight";
				LD_RUNPATH_SEARCH_PATHS = (
					"$(inherited)",
					"@executable_path/Frameworks",
				);
				MARKETING_VERSION = 1.0;
				PRODUCT_BUNDLE_IDENTIFIER = jiyong.Megabox;
				PRODUCT_NAME = "$(TARGET_NAME)";
				SWIFT_EMIT_LOC_STRINGS = YES;
				SWIFT_VERSION = 5.0;
				TARGETED_DEVICE_FAMILY = "1,2";
			};
			name = Release;
		};
		2C80F0452E7CE1EB00752AE4 /* Debug */ = {
			isa = XCBuildConfiguration;
			buildSettings = {
				BUNDLE_LOADER = "$(TEST_HOST)";
				CODE_SIGN_STYLE = Automatic;
				CURRENT_PROJECT_VERSION = 1;
				DEVELOPMENT_TEAM = UFY93MC9ZB;
				GENERATE_INFOPLIST_FILE = YES;
				IPHONEOS_DEPLOYMENT_TARGET = 18.5;
				MARKETING_VERSION = 1.0;
				PRODUCT_BUNDLE_IDENTIFIER = jiyong.MegaboxTests;
				PRODUCT_NAME = "$(TARGET_NAME)";
				SWIFT_EMIT_LOC_STRINGS = NO;
				SWIFT_VERSION = 5.0;
				TARGETED_DEVICE_FAMILY = "1,2";
				TEST_HOST = "$(BUILT_PRODUCTS_DIR)/Megabox.app/$(BUNDLE_EXECUTABLE_FOLDER_PATH)/Megabox";
			};
			name = Debug;
		};
		2C80F0462E7CE1EB00752AE4 /* Release */ = {
			isa = XCBuildConfiguration;
			buildSettings = {
				BUNDLE_LOADER = "$(TEST_HOST)";
				CODE_SIGN_STYLE = Automatic;
				CURRENT_PROJECT_VERSION = 1;
				DEVELOPMENT_TEAM = UFY93MC9ZB;
				GENERATE_INFOPLIST_FILE = YES;
				IPHONEOS_DEPLOYMENT_TARGET = 18.5;
				MARKETING_VERSION = 1.0;
				PRODUCT_BUNDLE_IDENTIFIER = jiyong.MegaboxTests;
				PRODUCT_NAME = "$(TARGET_NAME)";
				SWIFT_EMIT_LOC_STRINGS = NO;
				SWIFT_VERSION = 5.0;
				TARGETED_DEVICE_FAMILY = "1,2";
				TEST_HOST = "$(BUILT_PRODUCTS_DIR)/Megabox.app/$(BUNDLE_EXECUTABLE_FOLDER_PATH)/Megabox";
			};
			name = Release;
		};
		2C80F0482E7CE1EB00752AE4 /* Debug */ = {
			isa = XCBuildConfiguration;
			buildSettings = {
				CODE_SIGN_STYLE = Automatic;
				CURRENT_PROJECT_VERSION = 1;
				DEVELOPMENT_TEAM = UFY93MC9ZB;
				GENERATE_INFOPLIST_FILE = YES;
				MARKETING_VERSION = 1.0;
				PRODUCT_BUNDLE_IDENTIFIER = jiyong.MegaboxUITests;
				PRODUCT_NAME = "$(TARGET_NAME)";
				SWIFT_EMIT_LOC_STRINGS = NO;
				SWIFT_VERSION = 5.0;
				TARGETED_DEVICE_FAMILY = "1,2";
				TEST_TARGET_NAME = Megabox;
			};
			name = Debug;
		};
		2C80F0492E7CE1EB00752AE4 /* Release */ = {
			isa = XCBuildConfiguration;
			buildSettings = {
				CODE_SIGN_STYLE = Automatic;
				CURRENT_PROJECT_VERSION = 1;
				DEVELOPMENT_TEAM = UFY93MC9ZB;
				GENERATE_INFOPLIST_FILE = YES;
				MARKETING_VERSION = 1.0;
				PRODUCT_BUNDLE_IDENTIFIER = jiyong.MegaboxUITests;
				PRODUCT_NAME = "$(TARGET_NAME)";
				SWIFT_EMIT_LOC_STRINGS = NO;
				SWIFT_VERSION = 5.0;
				TARGETED_DEVICE_FAMILY = "1,2";
				TEST_TARGET_NAME = Megabox;
			};
			name = Release;
		};
/* End XCBuildConfiguration section */

/* Begin XCConfigurationList section */
		2C80F01B2E7CE1EB00752AE4 /* Build configuration list for PBXProject "Megabox" */ = {
			isa = XCConfigurationList;
			buildConfigurations = (
				2C80F03F2E7CE1EB00752AE4 /* Debug */,
				2C80F0402E7CE1EB00752AE4 /* Release */,
			);
			defaultConfigurationIsVisible = 0;
			defaultConfigurationName = Release;
		};
		2C80F0412E7CE1EB00752AE4 /* Build configuration list for PBXNativeTarget "Megabox" */ = {
			isa = XCConfigurationList;
			buildConfigurations = (
				2C80F0422E7CE1EB00752AE4 /* Debug */,
				2C80F0432E7CE1EB00752AE4 /* Release */,
			);
			defaultConfigurationIsVisible = 0;
			defaultConfigurationName = Release;
		};
		2C80F0442E7CE1EB00752AE4 /* Build configuration list for PBXNativeTarget "MegaboxTests" */ = {
			isa = XCConfigurationList;
			buildConfigurations = (
				2C80F0452E7CE1EB00752AE4 /* Debug */,
				2C80F0462E7CE1EB00752AE4 /* Release */,
			);
			defaultConfigurationIsVisible = 0;
			defaultConfigurationName = Release;
		};
		2C80F0472E7CE1EB00752AE4 /* Build configuration list for PBXNativeTarget "MegaboxUITests" */ = {
			isa = XCConfigurationList;
			buildConfigurations = (
				2C80F0482E7CE1EB00752AE4 /* Debug */,
				2C80F0492E7CE1EB00752AE4 /* Release */,
			);
			defaultConfigurationIsVisible = 0;
			defaultConfigurationName = Release;
		};
/* End XCConfigurationList section */
	};
	rootObject = 2C80F0182E7CE1EB00752AE4 /* Project object */;
}
